dependencies:
  espressif/bme690:
    component_hash: 1b785829c3594b64ed8cc2cc84e09f79d92d7a0882004823c51a9d0229c78b4e
    dependencies:
    - name: espressif/i2c_bus
      registry_url: https://components.espressif.com
      require: public
      version: ^1.5.0
    - name: idf
      require: private
      version: '>=5.1'
    source:
      registry_url: https://components.espressif.com/
      type: service
    version: 1.0.3
  espressif/cmake_utilities:
    component_hash: 05165f30922b422b4b90c08845e6d449329b97370fbd06309803d8cb539d79e3
    dependencies:
    - name: idf
      require: private
      version: '>=4.1'
    source:
      registry_url: https://components.espressif.com
      type: service
    version: 1.1.1
  espressif/i2c_bus:
    component_hash: 804ec068d163570fd367b279a310ca383484630d2310c586b50def0bcf21de13
    dependencies:
    - name: espressif/cmake_utilities
      registry_url: https://components.espressif.com
      require: private
      version: '*'
    - name: idf
      require: private
      version: '>=4.0'
    source:
      registry_url: https://components.espressif.com
      type: service
    version: 1.5.1
  idf:
    source:
      type: idf
    version: 5.5.4
direct_dependencies:
- espressif/bme690
- idf
manifest_hash: a1a217947be5680ede5ee1ef28f307cab97393fb224a6d297829714275b8aa89
target: esp32c5
version: 2.0.0
