dependencies:
  espressif/adc_mic:
    component_hash: dd39c1142555f41ee06671355e91d6dc1fd9f1ef424f78f3dcfbafd8ac030df4
    dependencies:
    - name: espressif/cmake_utilities
      registry_url: https://components.espressif.com
      require: private
      version: '*'
    - name: espressif/esp_codec_dev
      registry_url: https://components.espressif.com
      require: private
      version: '>=1.3.0,<1.5.5'
    - name: idf
      require: private
      version: '>=5.0'
    source:
      registry_url: https://components.espressif.com/
      type: service
    version: 0.2.3
  espressif/bme690:
    component_hash: 1b785829c3594b64ed8cc2cc84e09f79d92d7a0882004823c51a9d0229c78b4e
    dependencies:
    - name: espressif/i2c_bus
      registry_url: https://components.espressif.com
      require: public
      version: ^1.5.0
    - name: idf
      require: private
      version: '>=5.1'
    source:
      registry_url: https://components.espressif.com/
      type: service
    version: 1.0.3
  espressif/cmake_utilities:
    component_hash: 351350613ceafba240b761b4ea991e0f231ac7a9f59a9ee901f751bddc0bb18f
    dependencies:
    - name: idf
      require: private
      version: '>=4.1'
    source:
      registry_url: https://components.espressif.com
      type: service
    version: 0.5.3
  espressif/esp_codec_dev:
    component_hash: 0d9e9bc288156eb55f79338d312e1ebf8c9dfbd5e7d13ef0f20ccb031b4e15cf
    dependencies:
    - name: idf
      require: private
      version: '>=4.0'
    source:
      registry_url: https://components.espressif.com
      type: service
    version: 1.5.4
  espressif/i2c_bus:
    component_hash: 804ec068d163570fd367b279a310ca383484630d2310c586b50def0bcf21de13
    dependencies:
    - name: espressif/cmake_utilities
      registry_url: https://components.espressif.com
      require: private
      version: '*'
    - name: idf
      require: private
      version: '>=4.0'
    source:
      registry_url: https://components.espressif.com
      type: service
    version: 1.5.1
  espressif/mdns:
    component_hash: 1ebe3bd675bb9d1c58f52bc0b609b32f74e572b01c328f9e61282040c775495c
    dependencies:
    - name: idf
      require: private
      version: '>=5.0'
    source:
      registry_url: https://components.espressif.com/
      type: service
    version: 1.11.0
  espressif/openai:
    component_hash: b4a7b9765e943ab54d27b643ebf13385fe5a07cd369f04513ef37beb8d510524
    dependencies:
    - name: espressif/cmake_utilities
      registry_url: https://components.espressif.com
      require: private
      version: 0.*
    - name: idf
      require: private
      version: '>=4.4.0'
    source:
      registry_url: https://components.espressif.com/
      type: service
    version: 1.1.0
  idf:
    source:
      type: idf
    version: 5.5.4
  jbrilha/esp_lcd_st7789:
    component_hash: 95b5a7ed16de15546d37d5ab4abce3b1d8b9ed418ec8b6d06ac8890f082e4188
    dependencies: []
    source:
      registry_url: https://components.espressif.com/
      type: service
    version: 1.0.2
direct_dependencies:
- espressif/adc_mic
- espressif/bme690
- espressif/mdns
- espressif/openai
- idf
- jbrilha/esp_lcd_st7789
manifest_hash: b7e3a954ff3fc4c60aac06aef4009bd9a4c852967f1ffdb1cdaa2eb2c4fa9f09
target: esp32c5
version: 2.0.0
